
Microsoft Visual Studio Solution File, Format Version 12.00
# Visual Studio Version 17
VisualStudioVersion = 17.13.35931.197 d17.13
MinimumVisualStudioVersion = 10.0.40219.1
Project("{FAE04EC0-301F-11D3-BF4B-00C04F79EFBC}") = "ChopChop", "ChopChop\ChopChop.csproj", "{A1E58A4E-DBAE-4A3B-AB2F-9865C4FACA33}"
EndProject
Global
	GlobalSection(SolutionConfigurationPlatforms) = preSolution
		Debug|Any CPU = Debug|Any CPU
		Release|Any CPU = Release|Any CPU
	EndGlobalSection
	GlobalSection(ProjectConfigurationPlatforms) = postSolution
		{A1E58A4E-DBAE-4A3B-AB2F-9865C4FACA33}.Debug|Any CPU.ActiveCfg = Debug|Any CPU
		{A1E58A4E-DBAE-4A3B-AB2F-9865C4FACA33}.Debug|Any CPU.Build.0 = Debug|Any CPU
		{A1E58A4E-DBAE-4A3B-AB2F-9865C4FACA33}.Release|Any CPU.ActiveCfg = Release|Any CPU
		{A1E58A4E-DBAE-4A3B-AB2F-9865C4FACA33}.Release|Any CPU.Build.0 = Release|Any CPU
	EndGlobalSection
	GlobalSection(SolutionProperties) = preSolution
		HideSolutionNode = FALSE
	EndGlobalSection
	GlobalSection(ExtensibilityGlobals) = postSolution
		SolutionGuid = {04EEB054-E2DC-4250-B565-757FBE2D9087}
	EndGlobalSection
EndGlobal
